
Microsoft Visual Studio Solution File, Format Version 12.00
# Visual Studio Version 17
VisualStudioVersion = 17.7.34031.279
MinimumVisualStudioVersion = 10.0.40219.1
Project("{FAE04EC0-301F-11D3-BF4B-00C04F79EFBC}") = "kutuphaneOtomasyonu", "kutuphaneOtomasyonu\kutuphaneOtomasyonu.csproj", "{FF9D52C9-9042-4438-9186-60F322D56677}"
EndProject
Global
	GlobalSection(SolutionConfigurationPlatforms) = preSolution
		Debug|Any CPU = Debug|Any CPU
		Release|Any CPU = Release|Any CPU
	EndGlobalSection
	GlobalSection(ProjectConfigurationPlatforms) = postSolution
		{FF9D52C9-9042-4438-9186-60F322D56677}.Debug|Any CPU.ActiveCfg = Debug|Any CPU
		{FF9D52C9-9042-4438-9186-60F322D56677}.Debug|Any CPU.Build.0 = Debug|Any CPU
		{FF9D52C9-9042-4438-9186-60F322D56677}.Release|Any CPU.ActiveCfg = Release|Any CPU
		{FF9D52C9-9042-4438-9186-60F322D56677}.Release|Any CPU.Build.0 = Release|Any CPU
	EndGlobalSection
	GlobalSection(SolutionProperties) = preSolution
		HideSolutionNode = FALSE
	EndGlobalSection
	GlobalSection(ExtensibilityGlobals) = postSolution
		SolutionGuid = {E0AC7454-5C56-41F4-B46B-A1C7376F0B6D}
	EndGlobalSection
EndGlobal
